// !$*UTF8*$!
{
	archiveVersion = 1;
	classes = {
	};
	objectVersion = 50;
	objects = {

/* Begin PBXBuildFile section */
		BA836F2524AF5D0A00DCCD0B /* MetaWeather2Tests.swift in Sources */ = {isa = PBXBuildFile; fileRef = BA836F2424AF5D0A00DCCD0B /* MetaWeather2Tests.swift */; };
		BA924FE824ADFB920020C49F /* LocationModel.swift in Sources */ = {isa = PBXBuildFile; fileRef = BA924FE724ADFB920020C49F /* LocationModel.swift */; };
		BAF9D31624AA3EEA0093AB17 /* AppDelegate.swift in Sources */ = {isa = PBXBuildFile; fileRef = BAF9D31524AA3EEA0093AB17 /* AppDelegate.swift */; };
		BAF9D31824AA3EEA0093AB17 /* SceneDelegate.swift in Sources */ = {isa = PBXBuildFile; fileRef = BAF9D31724AA3EEA0093AB17 /* SceneDelegate.swift */; };
		BAF9D31A24AA3EEA0093AB17 /* ContentView.swift in Sources */ = {isa = PBXBuildFile; fileRef = BAF9D31924AA3EEA0093AB17 /* ContentView.swift */; };
		BAF9D31C24AA3EEC0093AB17 /* Assets.xcassets in Resources */ = {isa = PBXBuildFile; fileRef = BAF9D31B24AA3EEC0093AB17 /* Assets.xcassets */; };
		BAF9D31F24AA3EEC0093AB17 /* Preview Assets.xcassets in Resources */ = {isa = PBXBuildFile; fileRef = BAF9D31E24AA3EEC0093AB17 /* Preview Assets.xcassets */; };
		BAF9D32224AA3EEC0093AB17 /* LaunchScreen.storyboard in Resources */ = {isa = PBXBuildFile; fileRef = BAF9D32024AA3EEC0093AB17 /* LaunchScreen.storyboard */; };
		BAF9D32A24AA413F0093AB17 /* CurrentWeatherView.swift in Sources */ = {isa = PBXBuildFile; fileRef = BAF9D32924AA413F0093AB17 /* CurrentWeatherView.swift */; };
		BAF9D32C24AA47BF0093AB17 /* WeatherCollectionViewController.swift in Sources */ = {isa = PBXBuildFile; fileRef = BAF9D32B24AA47BF0093AB17 /* WeatherCollectionViewController.swift */; };
		BAF9D33024AABB880093AB17 /* Api.swift in Sources */ = {isa = PBXBuildFile; fileRef = BAF9D32F24AABB880093AB17 /* Api.swift */; };
		BAF9D33224AABBA40093AB17 /* WeatherModel.swift in Sources */ = {isa = PBXBuildFile; fileRef = BAF9D33124AABBA40093AB17 /* WeatherModel.swift */; };
		BAF9D33424AABBD00093AB17 /* WeatherManager.swift in Sources */ = {isa = PBXBuildFile; fileRef = BAF9D33324AABBD00093AB17 /* WeatherManager.swift */; };
		BAF9D33624AABBDA0093AB17 /* Util.swift in Sources */ = {isa = PBXBuildFile; fileRef = BAF9D33524AABBDA0093AB17 /* Util.swift */; };
		BAF9D34024AAD70D0093AB17 /* ForecastView.swift in Sources */ = {isa = PBXBuildFile; fileRef = BAF9D33F24AAD70D0093AB17 /* ForecastView.swift */; };
		BAF9D34224AB4FAD0093AB17 /* SearchResultModel.xcdatamodel in Sources */ = {isa = PBXBuildFile; fileRef = BAF9D34124AB4FAD0093AB17 /* SearchResultModel.xcdatamodel */; };
		BAF9D34524AB4FF90093AB17 /* LoadingView.swift in Sources */ = {isa = PBXBuildFile; fileRef = BAF9D34324AB4FF90093AB17 /* LoadingView.swift */; };
		BAF9D34824AB55130093AB17 /* SearchHistoryView.swift in Sources */ = {isa = PBXBuildFile; fileRef = BAF9D34724AB55130093AB17 /* SearchHistoryView.swift */; };
		BAF9D34A24AB684B0093AB17 /* SectionHeader.swift in Sources */ = {isa = PBXBuildFile; fileRef = BAF9D34924AB684B0093AB17 /* SectionHeader.swift */; };
		BAF9D34C24AB7F870093AB17 /* ForecastViewCell.swift in Sources */ = {isa = PBXBuildFile; fileRef = BAF9D34B24AB7F870093AB17 /* ForecastViewCell.swift */; };
		BAF9D34E24AB7FBA0093AB17 /* HostingCollectionViewCell.swift in Sources */ = {isa = PBXBuildFile; fileRef = BAF9D34D24AB7FBA0093AB17 /* HostingCollectionViewCell.swift */; };
/* End PBXBuildFile section */

/* Begin PBXContainerItemProxy section */
		BA836F2724AF5D0A00DCCD0B /* PBXContainerItemProxy */ = {
			isa = PBXContainerItemProxy;
			containerPortal = BAF9D30A24AA3EEA0093AB17 /* Project object */;
			proxyType = 1;
			remoteGlobalIDString = BAF9D31124AA3EEA0093AB17;
			remoteInfo = MetaWeather2;
		};
/* End PBXContainerItemProxy section */

/* Begin PBXFileReference section */
		BA836F2224AF5D0A00DCCD0B /* MetaWeather2Tests.xctest */ = {isa = PBXFileReference; explicitFileType = wrapper.cfbundle; includeInIndex = 0; path = MetaWeather2Tests.xctest; sourceTree = BUILT_PRODUCTS_DIR; };
		BA836F2424AF5D0A00DCCD0B /* MetaWeather2Tests.swift */ = {isa = PBXFileReference; lastKnownFileType = sourcecode.swift; path = MetaWeather2Tests.swift; sourceTree = "<group>"; };
		BA836F2624AF5D0A00DCCD0B /* Info.plist */ = {isa = PBXFileReference; lastKnownFileType = text.plist.xml; path = Info.plist; sourceTree = "<group>"; };
		BA924FE724ADFB920020C49F /* LocationModel.swift */ = {isa = PBXFileReference; lastKnownFileType = sourcecode.swift; path = LocationModel.swift; sourceTree = "<group>"; };
		BAF9D31224AA3EEA0093AB17 /* MetaWeather2.app */ = {isa = PBXFileReference; explicitFileType = wrapper.application; includeInIndex = 0; path = MetaWeather2.app; sourceTree = BUILT_PRODUCTS_DIR; };
		BAF9D31524AA3EEA0093AB17 /* AppDelegate.swift */ = {isa = PBXFileReference; lastKnownFileType = sourcecode.swift; path = AppDelegate.swift; sourceTree = "<group>"; };
		BAF9D31724AA3EEA0093AB17 /* SceneDelegate.swift */ = {isa = PBXFileReference; lastKnownFileType = sourcecode.swift; path = SceneDelegate.swift; sourceTree = "<group>"; };
		BAF9D31924AA3EEA0093AB17 /* ContentView.swift */ = {isa = PBXFileReference; lastKnownFileType = sourcecode.swift; path = ContentView.swift; sourceTree = "<group>"; };
		BAF9D31B24AA3EEC0093AB17 /* Assets.xcassets */ = {isa = PBXFileReference; lastKnownFileType = folder.assetcatalog; path = Assets.xcassets; sourceTree = "<group>"; };
		BAF9D31E24AA3EEC0093AB17 /* Preview Assets.xcassets */ = {isa = PBXFileReference; lastKnownFileType = folder.assetcatalog; path = "Preview Assets.xcassets"; sourceTree = "<group>"; };
		BAF9D32124AA3EEC0093AB17 /* Base */ = {isa = PBXFileReference; lastKnownFileType = file.storyboard; name = Base; path = Base.lproj/LaunchScreen.storyboard; sourceTree = "<group>"; };
		BAF9D32324AA3EEC0093AB17 /* Info.plist */ = {isa = PBXFileReference; lastKnownFileType = text.plist.xml; path = Info.plist; sourceTree = "<group>"; };
		BAF9D32924AA413F0093AB17 /* CurrentWeatherView.swift */ = {isa = PBXFileReference; lastKnownFileType = sourcecode.swift; path = CurrentWeatherView.swift; sourceTree = "<group>"; };
		BAF9D32B24AA47BF0093AB17 /* WeatherCollectionViewController.swift */ = {isa = PBXFileReference; lastKnownFileType = sourcecode.swift; path = WeatherCollectionViewController.swift; sourceTree = "<group>"; };
		BAF9D32F24AABB880093AB17 /* Api.swift */ = {isa = PBXFileReference; lastKnownFileType = sourcecode.swift; path = Api.swift; sourceTree = "<group>"; };
		BAF9D33124AABBA40093AB17 /* WeatherModel.swift */ = {isa = PBXFileReference; lastKnownFileType = sourcecode.swift; path = WeatherModel.swift; sourceTree = "<group>"; };
		BAF9D33324AABBD00093AB17 /* WeatherManager.swift */ = {isa = PBXFileReference; lastKnownFileType = sourcecode.swift; path = WeatherManager.swift; sourceTree = "<group>"; };
		BAF9D33524AABBDA0093AB17 /* Util.swift */ = {isa = PBXFileReference; lastKnownFileType = sourcecode.swift; path = Util.swift; sourceTree = "<group>"; };
		BAF9D33F24AAD70D0093AB17 /* ForecastView.swift */ = {isa = PBXFileReference; lastKnownFileType = sourcecode.swift; path = ForecastView.swift; sourceTree = "<group>"; };
		BAF9D34124AB4FAD0093AB17 /* SearchResultModel.xcdatamodel */ = {isa = PBXFileReference; lastKnownFileType = wrapper.xcdatamodel; path = SearchResultModel.xcdatamodel; sourceTree = "<group>"; };
		BAF9D34324AB4FF90093AB17 /* LoadingView.swift */ = {isa = PBXFileReference; fileEncoding = 4; lastKnownFileType = sourcecode.swift; path = LoadingView.swift; sourceTree = "<group>"; };
		BAF9D34724AB55130093AB17 /* SearchHistoryView.swift */ = {isa = PBXFileReference; lastKnownFileType = sourcecode.swift; path = SearchHistoryView.swift; sourceTree = "<group>"; };
		BAF9D34924AB684B0093AB17 /* SectionHeader.swift */ = {isa = PBXFileReference; fileEncoding = 4; lastKnownFileType = sourcecode.swift; path = SectionHeader.swift; sourceTree = "<group>"; };
		BAF9D34B24AB7F870093AB17 /* ForecastViewCell.swift */ = {isa = PBXFileReference; lastKnownFileType = sourcecode.swift; path = ForecastViewCell.swift; sourceTree = "<group>"; };
		BAF9D34D24AB7FBA0093AB17 /* HostingCollectionViewCell.swift */ = {isa = PBXFileReference; lastKnownFileType = sourcecode.swift; path = HostingCollectionViewCell.swift; sourceTree = "<group>"; };
/* End PBXFileReference section */

/* Begin PBXFrameworksBuildPhase section */
		BA836F1F24AF5D0A00DCCD0B /* Frameworks */ = {
			isa = PBXFrameworksBuildPhase;
			buildActionMask = 2147483647;
			files = (
			);
			runOnlyForDeploymentPostprocessing = 0;
		};
		BAF9D30F24AA3EEA0093AB17 /* Frameworks */ = {
			isa = PBXFrameworksBuildPhase;
			buildActionMask = 2147483647;
			files = (
			);
			runOnlyForDeploymentPostprocessing = 0;
		};
/* End PBXFrameworksBuildPhase section */

/* Begin PBXGroup section */
		BA836F2324AF5D0A00DCCD0B /* MetaWeather2Tests */ = {
			isa = PBXGroup;
			children = (
				BA836F2424AF5D0A00DCCD0B /* MetaWeather2Tests.swift */,
				BA836F2624AF5D0A00DCCD0B /* Info.plist */,
			);
			path = MetaWeather2Tests;
			sourceTree = "<group>";
		};
		BAF9D30924AA3EEA0093AB17 = {
			isa = PBXGroup;
			children = (
				BAF9D31424AA3EEA0093AB17 /* MetaWeather2 */,
				BA836F2324AF5D0A00DCCD0B /* MetaWeather2Tests */,
				BAF9D31324AA3EEA0093AB17 /* Products */,
			);
			sourceTree = "<group>";
		};
		BAF9D31324AA3EEA0093AB17 /* Products */ = {
			isa = PBXGroup;
			children = (
				BAF9D31224AA3EEA0093AB17 /* MetaWeather2.app */,
				BA836F2224AF5D0A00DCCD0B /* MetaWeather2Tests.xctest */,
			);
			name = Products;
			sourceTree = "<group>";
		};
		BAF9D31424AA3EEA0093AB17 /* MetaWeather2 */ = {
			isa = PBXGroup;
			children = (
				BAF9D31524AA3EEA0093AB17 /* AppDelegate.swift */,
				BAF9D31724AA3EEA0093AB17 /* SceneDelegate.swift */,
				BAF9D33724AABC1D0093AB17 /* Views */,
				BAF9D33C24AABC690093AB17 /* Networking */,
				BAF9D33924AABC3E0093AB17 /* Controllers */,
				BAF9D33A24AABC4B0093AB17 /* Managers */,
				BAF9D33824AABC2D0093AB17 /* Util */,
				BAF9D33B24AABC520093AB17 /* Models */,
				BAF9D31B24AA3EEC0093AB17 /* Assets.xcassets */,
				BAF9D32024AA3EEC0093AB17 /* LaunchScreen.storyboard */,
				BAF9D32324AA3EEC0093AB17 /* Info.plist */,
				BAF9D31D24AA3EEC0093AB17 /* Preview Content */,
			);
			path = MetaWeather2;
			sourceTree = "<group>";
		};
		BAF9D31D24AA3EEC0093AB17 /* Preview Content */ = {
			isa = PBXGroup;
			children = (
				BAF9D31E24AA3EEC0093AB17 /* Preview Assets.xcassets */,
			);
			path = "Preview Content";
			sourceTree = "<group>";
		};
		BAF9D33724AABC1D0093AB17 /* Views */ = {
			isa = PBXGroup;
			children = (
				BAF9D31924AA3EEA0093AB17 /* ContentView.swift */,
				BAF9D34924AB684B0093AB17 /* SectionHeader.swift */,
				BAF9D34724AB55130093AB17 /* SearchHistoryView.swift */,
				BAF9D32924AA413F0093AB17 /* CurrentWeatherView.swift */,
				BAF9D33F24AAD70D0093AB17 /* ForecastView.swift */,
				BAF9D34B24AB7F870093AB17 /* ForecastViewCell.swift */,
				BAF9D34D24AB7FBA0093AB17 /* HostingCollectionViewCell.swift */,
			);
			path = Views;
			sourceTree = "<group>";
		};
		BAF9D33824AABC2D0093AB17 /* Util */ = {
			isa = PBXGroup;
			children = (
				BAF9D34324AB4FF90093AB17 /* LoadingView.swift */,
				BAF9D33524AABBDA0093AB17 /* Util.swift */,
			);
			path = Util;
			sourceTree = "<group>";
		};
		BAF9D33924AABC3E0093AB17 /* Controllers */ = {
			isa = PBXGroup;
			children = (
				BAF9D32B24AA47BF0093AB17 /* WeatherCollectionViewController.swift */,
			);
			path = Controllers;
			sourceTree = "<group>";
		};
		BAF9D33A24AABC4B0093AB17 /* Managers */ = {
			isa = PBXGroup;
			children = (
				BAF9D33324AABBD00093AB17 /* WeatherManager.swift */,
			);
			path = Managers;
			sourceTree = "<group>";
		};
		BAF9D33B24AABC520093AB17 /* Models */ = {
			isa = PBXGroup;
			children = (
				BAF9D34124AB4FAD0093AB17 /* SearchResultModel.xcdatamodel */,
				BAF9D33124AABBA40093AB17 /* WeatherModel.swift */,
				BA924FE724ADFB920020C49F /* LocationModel.swift */,
			);
			path = Models;
			sourceTree = "<group>";
		};
		BAF9D33C24AABC690093AB17 /* Networking */ = {
			isa = PBXGroup;
			children = (
				BAF9D32F24AABB880093AB17 /* Api.swift */,
			);
			path = Networking;
			sourceTree = "<group>";
		};
/* End PBXGroup section */

/* Begin PBXNativeTarget section */
		BA836F2124AF5D0A00DCCD0B /* MetaWeather2Tests */ = {
			isa = PBXNativeTarget;
			buildConfigurationList = BA836F2924AF5D0A00DCCD0B /* Build configuration list for PBXNativeTarget "MetaWeather2Tests" */;
			buildPhases = (
				BA836F1E24AF5D0A00DCCD0B /* Sources */,
				BA836F1F24AF5D0A00DCCD0B /* Frameworks */,
				BA836F2024AF5D0A00DCCD0B /* Resources */,
			);
			buildRules = (
			);
			dependencies = (
				BA836F2824AF5D0A00DCCD0B /* PBXTargetDependency */,
			);
			name = MetaWeather2Tests;
			productName = MetaWeather2Tests;
			productReference = BA836F2224AF5D0A00DCCD0B /* MetaWeather2Tests.xctest */;
			productType = "com.apple.product-type.bundle.unit-test";
		};
		BAF9D31124AA3EEA0093AB17 /* MetaWeather2 */ = {
			isa = PBXNativeTarget;
			buildConfigurationList = BAF9D32624AA3EEC0093AB17 /* Build configuration list for PBXNativeTarget "MetaWeather2" */;
			buildPhases = (
				BAF9D30E24AA3EEA0093AB17 /* Sources */,
				BAF9D30F24AA3EEA0093AB17 /* Frameworks */,
				BAF9D31024AA3EEA0093AB17 /* Resources */,
			);
			buildRules = (
			);
			dependencies = (
			);
			name = MetaWeather2;
			productName = MetaWeather2;
			productReference = BAF9D31224AA3EEA0093AB17 /* MetaWeather2.app */;
			productType = "com.apple.product-type.application";
		};
/* End PBXNativeTarget section */

/* Begin PBXProject section */
		BAF9D30A24AA3EEA0093AB17 /* Project object */ = {
			isa = PBXProject;
			attributes = {
				LastSwiftUpdateCheck = 1150;
				LastUpgradeCheck = 1150;
				ORGANIZATIONNAME = "Tanaka Mazivanhanga";
				TargetAttributes = {
					BA836F2124AF5D0A00DCCD0B = {
						CreatedOnToolsVersion = 11.5;
						TestTargetID = BAF9D31124AA3EEA0093AB17;
					};
					BAF9D31124AA3EEA0093AB17 = {
						CreatedOnToolsVersion = 11.5;
					};
				};
			};
			buildConfigurationList = BAF9D30D24AA3EEA0093AB17 /* Build configuration list for PBXProject "MetaWeather2" */;
			compatibilityVersion = "Xcode 9.3";
			developmentRegion = en;
			hasScannedForEncodings = 0;
			knownRegions = (
				en,
				Base,
			);
			mainGroup = BAF9D30924AA3EEA0093AB17;
			productRefGroup = BAF9D31324AA3EEA0093AB17 /* Products */;
			projectDirPath = "";
			projectRoot = "";
			targets = (
				BAF9D31124AA3EEA0093AB17 /* MetaWeather2 */,
				BA836F2124AF5D0A00DCCD0B /* MetaWeather2Tests */,
			);
		};
/* End PBXProject section */

/* Begin PBXResourcesBuildPhase section */
		BA836F2024AF5D0A00DCCD0B /* Resources */ = {
			isa = PBXResourcesBuildPhase;
			buildActionMask = 2147483647;
			files = (
			);
			runOnlyForDeploymentPostprocessing = 0;
		};
		BAF9D31024AA3EEA0093AB17 /* Resources */ = {
			isa = PBXResourcesBuildPhase;
			buildActionMask = 2147483647;
			files = (
				BAF9D32224AA3EEC0093AB17 /* LaunchScreen.storyboard in Resources */,
				BAF9D31F24AA3EEC0093AB17 /* Preview Assets.xcassets in Resources */,
				BAF9D31C24AA3EEC0093AB17 /* Assets.xcassets in Resources */,
			);
			runOnlyForDeploymentPostprocessing = 0;
		};
/* End PBXResourcesBuildPhase section */

/* Begin PBXSourcesBuildPhase section */
		BA836F1E24AF5D0A00DCCD0B /* Sources */ = {
			isa = PBXSourcesBuildPhase;
			buildActionMask = 2147483647;
			files = (
				BA836F2524AF5D0A00DCCD0B /* MetaWeather2Tests.swift in Sources */,
			);
			runOnlyForDeploymentPostprocessing = 0;
		};
		BAF9D30E24AA3EEA0093AB17 /* Sources */ = {
			isa = PBXSourcesBuildPhase;
			buildActionMask = 2147483647;
			files = (
				BAF9D31624AA3EEA0093AB17 /* AppDelegate.swift in Sources */,
				BAF9D32A24AA413F0093AB17 /* CurrentWeatherView.swift in Sources */,
				BAF9D34A24AB684B0093AB17 /* SectionHeader.swift in Sources */,
				BAF9D34C24AB7F870093AB17 /* ForecastViewCell.swift in Sources */,
				BA924FE824ADFB920020C49F /* LocationModel.swift in Sources */,
				BAF9D34224AB4FAD0093AB17 /* SearchResultModel.xcdatamodel in Sources */,
				BAF9D31824AA3EEA0093AB17 /* SceneDelegate.swift in Sources */,
				BAF9D32C24AA47BF0093AB17 /* WeatherCollectionViewController.swift in Sources */,
				BAF9D34824AB55130093AB17 /* SearchHistoryView.swift in Sources */,
				BAF9D34E24AB7FBA0093AB17 /* HostingCollectionViewCell.swift in Sources */,
				BAF9D34524AB4FF90093AB17 /* LoadingView.swift in Sources */,
				BAF9D33024AABB880093AB17 /* Api.swift in Sources */,
				BAF9D33424AABBD00093AB17 /* WeatherManager.swift in Sources */,
				BAF9D33624AABBDA0093AB17 /* Util.swift in Sources */,
				BAF9D33224AABBA40093AB17 /* WeatherModel.swift in Sources */,
				BAF9D31A24AA3EEA0093AB17 /* ContentView.swift in Sources */,
				BAF9D34024AAD70D0093AB17 /* ForecastView.swift in Sources */,
			);
			runOnlyForDeploymentPostprocessing = 0;
		};
/* End PBXSourcesBuildPhase section */

/* Begin PBXTargetDependency section */
		BA836F2824AF5D0A00DCCD0B /* PBXTargetDependency */ = {
			isa = PBXTargetDependency;
			target = BAF9D31124AA3EEA0093AB17 /* MetaWeather2 */;
			targetProxy = BA836F2724AF5D0A00DCCD0B /* PBXContainerItemProxy */;
		};
/* End PBXTargetDependency section */

/* Begin PBXVariantGroup section */
		BAF9D32024AA3EEC0093AB17 /* LaunchScreen.storyboard */ = {
			isa = PBXVariantGroup;
			children = (
				BAF9D32124AA3EEC0093AB17 /* Base */,
			);
			name = LaunchScreen.storyboard;
			sourceTree = "<group>";
		};
/* End PBXVariantGroup section */

/* Begin XCBuildConfiguration section */
		BA836F2A24AF5D0A00DCCD0B /* Debug */ = {
			isa = XCBuildConfiguration;
			buildSettings = {
				BUNDLE_LOADER = "$(TEST_HOST)";
				CODE_SIGN_STYLE = Automatic;
				DEVELOPMENT_TEAM = J3NVQ5AFC2;
				INFOPLIST_FILE = MetaWeather2Tests/Info.plist;
				LD_RUNPATH_SEARCH_PATHS = (
					"$(inherited)",
					"@executable_path/Frameworks",
					"@loader_path/Frameworks",
				);
				PRODUCT_BUNDLE_IDENTIFIER = com.tanakamazivanhanga.MetaWeather2Tests;
				PRODUCT_NAME = "$(TARGET_NAME)";
				SWIFT_VERSION = 5.0;
				TARGETED_DEVICE_FAMILY = "1,2";
				TEST_HOST = "$(BUILT_PRODUCTS_DIR)/MetaWeather2.app/MetaWeather2";
			};
			name = Debug;
		};
		BA836F2B24AF5D0A00DCCD0B /* Release */ = {
			isa = XCBuildConfiguration;
			buildSettings = {
				BUNDLE_LOADER = "$(TEST_HOST)";
				CODE_SIGN_STYLE = Automatic;
				DEVELOPMENT_TEAM = J3NVQ5AFC2;
				INFOPLIST_FILE = MetaWeather2Tests/Info.plist;
				LD_RUNPATH_SEARCH_PATHS = (
					"$(inherited)",
					"@executable_path/Frameworks",
					"@loader_path/Frameworks",
				);
				PRODUCT_BUNDLE_IDENTIFIER = com.tanakamazivanhanga.MetaWeather2Tests;
				PRODUCT_NAME = "$(TARGET_NAME)";
				SWIFT_VERSION = 5.0;
				TARGETED_DEVICE_FAMILY = "1,2";
				TEST_HOST = "$(BUILT_PRODUCTS_DIR)/MetaWeather2.app/MetaWeather2";
			};
			name = Release;
		};
		BAF9D32424AA3EEC0093AB17 /* Debug */ = {
			isa = XCBuildConfiguration;
			buildSettings = {
				ALWAYS_SEARCH_USER_PATHS = NO;
				CLANG_ANALYZER_NONNULL = YES;
				CLANG_ANALYZER_NUMBER_OBJECT_CONVERSION = YES_AGGRESSIVE;
				CLANG_CXX_LANGUAGE_STANDARD = "gnu++14";
				CLANG_CXX_LIBRARY = "libc++";
				CLANG_ENABLE_MODULES = YES;
				CLANG_ENABLE_OBJC_ARC = YES;
				CLANG_ENABLE_OBJC_WEAK = YES;
				CLANG_WARN_BLOCK_CAPTURE_AUTORELEASING = YES;
				CLANG_WARN_BOOL_CONVERSION = YES;
				CLANG_WARN_COMMA = YES;
				CLANG_WARN_CONSTANT_CONVERSION = YES;
				CLANG_WARN_DEPRECATED_OBJC_IMPLEMENTATIONS = YES;
				CLANG_WARN_DIRECT_OBJC_ISA_USAGE = YES_ERROR;
				CLANG_WARN_DOCUMENTATION_COMMENTS = YES;
				CLANG_WARN_EMPTY_BODY = YES;
				CLANG_WARN_ENUM_CONVERSION = YES;
				CLANG_WARN_INFINITE_RECURSION = YES;
				CLANG_WARN_INT_CONVERSION = YES;
				CLANG_WARN_NON_LITERAL_NULL_CONVERSION = YES;
				CLANG_WARN_OBJC_IMPLICIT_RETAIN_SELF = YES;
				CLANG_WARN_OBJC_LITERAL_CONVERSION = YES;
				CLANG_WARN_OBJC_ROOT_CLASS = YES_ERROR;
				CLANG_WARN_RANGE_LOOP_ANALYSIS = YES;
				CLANG_WARN_STRICT_PROTOTYPES = YES;
				CLANG_WARN_SUSPICIOUS_MOVE = YES;
				CLANG_WARN_UNGUARDED_AVAILABILITY = YES_AGGRESSIVE;
				CLANG_WARN_UNREACHABLE_CODE = YES;
				CLANG_WARN__DUPLICATE_METHOD_MATCH = YES;
				COPY_PHASE_STRIP = NO;
				DEBUG_INFORMATION_FORMAT = dwarf;
				ENABLE_STRICT_OBJC_MSGSEND = YES;
				ENABLE_TESTABILITY = YES;
				GCC_C_LANGUAGE_STANDARD = gnu11;
				GCC_DYNAMIC_NO_PIC = NO;
				GCC_NO_COMMON_BLOCKS = YES;
				GCC_OPTIMIZATION_LEVEL = 0;
				GCC_PREPROCESSOR_DEFINITIONS = (
					"DEBUG=1",
					"$(inherited)",
				);
				GCC_WARN_64_TO_32_BIT_CONVERSION = YES;
				GCC_WARN_ABOUT_RETURN_TYPE = YES_ERROR;
				GCC_WARN_UNDECLARED_SELECTOR = YES;
				GCC_WARN_UNINITIALIZED_AUTOS = YES_AGGRESSIVE;
				GCC_WARN_UNUSED_FUNCTION = YES;
				GCC_WARN_UNUSED_VARIABLE = YES;
				IPHONEOS_DEPLOYMENT_TARGET = 13.5;
				MTL_ENABLE_DEBUG_INFO = INCLUDE_SOURCE;
				MTL_FAST_MATH = YES;
				ONLY_ACTIVE_ARCH = YES;
				SDKROOT = iphoneos;
				SWIFT_ACTIVE_COMPILATION_CONDITIONS = DEBUG;
				SWIFT_OPTIMIZATION_LEVEL = "-Onone";
			};
			name = Debug;
		};
		BAF9D32524AA3EEC0093AB17 /* Release */ = {
			isa = XCBuildConfiguration;
			buildSettings = {
				ALWAYS_SEARCH_USER_PATHS = NO;
				CLANG_ANALYZER_NONNULL = YES;
				CLANG_ANALYZER_NUMBER_OBJECT_CONVERSION = YES_AGGRESSIVE;
				CLANG_CXX_LANGUAGE_STANDARD = "gnu++14";
				CLANG_CXX_LIBRARY = "libc++";
				CLANG_ENABLE_MODULES = YES;
				CLANG_ENABLE_OBJC_ARC = YES;
				CLANG_ENABLE_OBJC_WEAK = YES;
				CLANG_WARN_BLOCK_CAPTURE_AUTORELEASING = YES;
				CLANG_WARN_BOOL_CONVERSION = YES;
				CLANG_WARN_COMMA = YES;
				CLANG_WARN_CONSTANT_CONVERSION = YES;
				CLANG_WARN_DEPRECATED_OBJC_IMPLEMENTATIONS = YES;
				CLANG_WARN_DIRECT_OBJC_ISA_USAGE = YES_ERROR;
				CLANG_WARN_DOCUMENTATION_COMMENTS = YES;
				CLANG_WARN_EMPTY_BODY = YES;
				CLANG_WARN_ENUM_CONVERSION = YES;
				CLANG_WARN_INFINITE_RECURSION = YES;
				CLANG_WARN_INT_CONVERSION = YES;
				CLANG_WARN_NON_LITERAL_NULL_CONVERSION = YES;
				CLANG_WARN_OBJC_IMPLICIT_RETAIN_SELF = YES;
				CLANG_WARN_OBJC_LITERAL_CONVERSION = YES;
				CLANG_WARN_OBJC_ROOT_CLASS = YES_ERROR;
				CLANG_WARN_RANGE_LOOP_ANALYSIS = YES;
				CLANG_WARN_STRICT_PROTOTYPES = YES;
				CLANG_WARN_SUSPICIOUS_MOVE = YES;
				CLANG_WARN_UNGUARDED_AVAILABILITY = YES_AGGRESSIVE;
				CLANG_WARN_UNREACHABLE_CODE = YES;
				CLANG_WARN__DUPLICATE_METHOD_MATCH = YES;
				COPY_PHASE_STRIP = NO;
				DEBUG_INFORMATION_FORMAT = "dwarf-with-dsym";
				ENABLE_NS_ASSERTIONS = NO;
				ENABLE_STRICT_OBJC_MSGSEND = YES;
				GCC_C_LANGUAGE_STANDARD = gnu11;
				GCC_NO_COMMON_BLOCKS = YES;
				GCC_WARN_64_TO_32_BIT_CONVERSION = YES;
				GCC_WARN_ABOUT_RETURN_TYPE = YES_ERROR;
				GCC_WARN_UNDECLARED_SELECTOR = YES;
				GCC_WARN_UNINITIALIZED_AUTOS = YES_AGGRESSIVE;
				GCC_WARN_UNUSED_FUNCTION = YES;
				GCC_WARN_UNUSED_VARIABLE = YES;
				IPHONEOS_DEPLOYMENT_TARGET = 13.5;
				MTL_ENABLE_DEBUG_INFO = NO;
				MTL_FAST_MATH = YES;
				SDKROOT = iphoneos;
				SWIFT_COMPILATION_MODE = wholemodule;
				SWIFT_OPTIMIZATION_LEVEL = "-O";
				VALIDATE_PRODUCT = YES;
			};
			name = Release;
		};
		BAF9D32724AA3EEC0093AB17 /* Debug */ = {
			isa = XCBuildConfiguration;
			buildSettings = {
				ASSETCATALOG_COMPILER_APPICON_NAME = AppIcon;
				CODE_SIGN_IDENTITY = "Apple Development";
				CODE_SIGN_STYLE = Automatic;
				DEVELOPMENT_ASSET_PATHS = "\"MetaWeather2/Preview Content\"";
				DEVELOPMENT_TEAM = J3NVQ5AFC2;
				ENABLE_PREVIEWS = YES;
				INFOPLIST_FILE = MetaWeather2/Info.plist;
				LD_RUNPATH_SEARCH_PATHS = (
					"$(inherited)",
					"@executable_path/Frameworks",
				);
				PRODUCT_BUNDLE_IDENTIFIER = com.tanakamazivanhanga.MetaWeather2;
				PRODUCT_NAME = "$(TARGET_NAME)";
				PROVISIONING_PROFILE_SPECIFIER = "";
				SWIFT_VERSION = 5.0;
				TARGETED_DEVICE_FAMILY = "1,2";
			};
			name = Debug;
		};
		BAF9D32824AA3EEC0093AB17 /* Release */ = {
			isa = XCBuildConfiguration;
			buildSettings = {
				ASSETCATALOG_COMPILER_APPICON_NAME = AppIcon;
				CODE_SIGN_IDENTITY = "Apple Development";
				CODE_SIGN_STYLE = Automatic;
				DEVELOPMENT_ASSET_PATHS = "\"MetaWeather2/Preview Content\"";
				DEVELOPMENT_TEAM = J3NVQ5AFC2;
				ENABLE_PREVIEWS = YES;
				INFOPLIST_FILE = MetaWeather2/Info.plist;
				LD_RUNPATH_SEARCH_PATHS = (
					"$(inherited)",
					"@executable_path/Frameworks",
				);
				PRODUCT_BUNDLE_IDENTIFIER = com.tanakamazivanhanga.MetaWeather2;
				PRODUCT_NAME = "$(TARGET_NAME)";
				PROVISIONING_PROFILE_SPECIFIER = "";
				SWIFT_VERSION = 5.0;
				TARGETED_DEVICE_FAMILY = "1,2";
			};
			name = Release;
		};
/* End XCBuildConfiguration section */

/* Begin XCConfigurationList section */
		BA836F2924AF5D0A00DCCD0B /* Build configuration list for PBXNativeTarget "MetaWeather2Tests" */ = {
			isa = XCConfigurationList;
			buildConfigurations = (
				BA836F2A24AF5D0A00DCCD0B /* Debug */,
				BA836F2B24AF5D0A00DCCD0B /* Release */,
			);
			defaultConfigurationIsVisible = 0;
			defaultConfigurationName = Release;
		};
		BAF9D30D24AA3EEA0093AB17 /* Build configuration list for PBXProject "MetaWeather2" */ = {
			isa = XCConfigurationList;
			buildConfigurations = (
				BAF9D32424AA3EEC0093AB17 /* Debug */,
				BAF9D32524AA3EEC0093AB17 /* Release */,
			);
			defaultConfigurationIsVisible = 0;
			defaultConfigurationName = Release;
		};
		BAF9D32624AA3EEC0093AB17 /* Build configuration list for PBXNativeTarget "MetaWeather2" */ = {
			isa = XCConfigurationList;
			buildConfigurations = (
				BAF9D32724AA3EEC0093AB17 /* Debug */,
				BAF9D32824AA3EEC0093AB17 /* Release */,
			);
			defaultConfigurationIsVisible = 0;
			defaultConfigurationName = Release;
		};
/* End XCConfigurationList section */
	};
	rootObject = BAF9D30A24AA3EEA0093AB17 /* Project object */;
}
